
Microsoft Visual Studio Solution File, Format Version 12.00
Project("{FAE04EC0-301F-11D3-BF4B-00C04F79EFBC}") = "Airport Ticket Booking System", "Airport Ticket Booking System.csproj", "{477CD1F7-F3AB-4FC5-85D5-AB564E0F728C}"
EndProject
Global
	GlobalSection(SolutionConfigurationPlatforms) = preSolution
		Debug|Any CPU = Debug|Any CPU
		Release|Any CPU = Release|Any CPU
	EndGlobalSection
	GlobalSection(ProjectConfigurationPlatforms) = postSolution
		{477CD1F7-F3AB-4FC5-85D5-AB564E0F728C}.Debug|Any CPU.ActiveCfg = Debug|Any CPU
		{477CD1F7-F3AB-4FC5-85D5-AB564E0F728C}.Debug|Any CPU.Build.0 = Debug|Any CPU
		{477CD1F7-F3AB-4FC5-85D5-AB564E0F728C}.Release|Any CPU.ActiveCfg = Release|Any CPU
		{477CD1F7-F3AB-4FC5-85D5-AB564E0F728C}.Release|Any CPU.Build.0 = Release|Any CPU
	EndGlobalSection
EndGlobal
